[[package]]
name = "aerich"
version = "0.7.1"
description = "A database migrations tool for Tortoise ORM."
category = "main"
optional = false
python-versions = ">=3.7,<4.0"

[package.dependencies]
click = "*"
dictdiffer = "*"
pydantic = "*"
tomlkit = "*"
tortoise-orm = "*"

[package.extras]
asyncmy = ["asyncmy"]
asyncpg = ["asyncpg"]

[[package]]
name = "aiosqlite"
version = "0.17.0"
description = "asyncio bridge to the standard sqlite3 module"
category = "main"
optional = false
python-versions = ">=3.6"

[package.dependencies]
typing_extensions = ">=3.7.2"

[[package]]
name = "anyio"
version = "3.6.2"
description = "High level compatibility layer for multiple asynchronous event loop implementations"
category = "main"
optional = false
python-versions = ">=3.6.2"

[package.dependencies]
idna = ">=2.8"
sniffio = ">=1.1"

[package.extras]
doc = ["packaging", "sphinx-rtd-theme", "sphinx-autodoc-typehints (>=1.2.0)"]
test = ["coverage[toml] (>=4.5)", "hypothesis (>=4.0)", "pytest (>=7.0)", "pytest-mock (>=3.6.1)", "trustme", "contextlib2", "uvloop (<0.15)", "mock (>=4)", "uvloop (>=0.15)"]
trio = ["trio (>=0.16,<0.22)"]

[[package]]
name = "asyncpg"
version = "0.27.0"
description = "An asyncio PostgreSQL driver"
category = "main"
optional = false
python-versions = ">=3.7.0"

[package.extras]
dev = ["Cython (>=0.29.24,<0.30.0)", "pytest (>=6.0)", "Sphinx (>=4.1.2,<4.2.0)", "sphinxcontrib-asyncio (>=0.3.0,<0.4.0)", "sphinx-rtd-theme (>=0.5.2,<0.6.0)", "flake8 (>=5.0.4,<5.1.0)", "uvloop (>=0.15.3)"]
docs = ["Sphinx (>=4.1.2,<4.2.0)", "sphinxcontrib-asyncio (>=0.3.0,<0.4.0)", "sphinx-rtd-theme (>=0.5.2,<0.6.0)"]
test = ["flake8 (>=5.0.4,<5.1.0)", "uvloop (>=0.15.3)"]

[[package]]
name = "atlastk"
version = "0.13.2"
description = "The quick and easy way to add versatile graphical interfaces and networking capabilities to your Python programs. Works even on your Android smartphone or tablet."
category = "main"
optional = false
python-versions = "*"

[[package]]
name = "bcrypt"
version = "4.0.1"
description = "Modern password hashing for your software and your servers"
category = "main"
optional = false
python-versions = ">=3.6"

[package.extras]
tests = ["pytest (>=3.2.1,!=3.3.0)"]
typecheck = ["mypy"]

[[package]]
name = "certifi"
version = "2022.12.7"
description = "Python package for providing Mozilla's CA Bundle."
category = "main"
optional = false
python-versions = ">=3.6"

[[package]]
name = "cffi"
version = "1.15.1"
description = "Foreign Function Interface for Python calling C code."
category = "main"
optional = false
python-versions = "*"

[package.dependencies]
pycparser = "*"

[[package]]
name = "charset-normalizer"
version = "3.0.1"
description = "The Real First Universal Charset Detector. Open, modern and actively maintained alternative to Chardet."
category = "main"
optional = false
python-versions = "*"

[[package]]
name = "click"
version = "8.1.3"
description = "Composable command line interface toolkit"
category = "main"
optional = false
python-versions = ">=3.7"

[package.dependencies]
colorama = {version = "*", markers = "platform_system == \"Windows\""}

[[package]]
name = "colorama"
version = "0.4.6"
description = "Cross-platform colored terminal text."
category = "main"
optional = false
python-versions = "!=3.0.*,!=3.1.*,!=3.2.*,!=3.3.*,!=3.4.*,!=3.5.*,!=3.6.*,>=2.7"

[[package]]
name = "cryptography"
version = "39.0.0"
description = "cryptography is a package which provides cryptographic recipes and primitives to Python developers."
category = "main"
optional = false
python-versions = ">=3.6"

[package.dependencies]
cffi = ">=1.12"

[package.extras]
docs = ["sphinx (>=1.6.5,!=1.8.0,!=3.1.0,!=3.1.1,!=5.2.0,!=5.2.0.post0)", "sphinx-rtd-theme"]
docstest = ["pyenchant (>=1.6.11)", "twine (>=1.12.0)", "sphinxcontrib-spelling (>=4.0.1)"]
pep8test = ["black", "ruff"]
sdist = ["setuptools-rust (>=0.11.4)"]
ssh = ["bcrypt (>=3.1.5)"]
test = ["pytest (>=6.2.0)", "pytest-benchmark", "pytest-cov", "pytest-subtests", "pytest-xdist", "pretend", "iso8601", "pytz", "hypothesis (>=1.11.4,!=3.79.2)"]

[[package]]
name = "dictdiffer"
version = "0.9.0"
description = "Dictdiffer is a library that helps you to diff and patch dictionaries."
category = "main"
optional = false
python-versions = "*"

[package.extras]
all = ["Sphinx (>=3)", "sphinx-rtd-theme (>=0.2)", "check-manifest (>=0.42)", "mock (>=1.3.0)", "pytest-cov (>=2.10.1)", "pytest-isort (>=1.2.0)", "sphinx (>=3)", "tox (>=3.7.0)", "numpy (>=1.13.0)", "numpy (>=1.15.0)", "numpy (>=1.18.0)", "pytest (==5.4.3)", "pytest-pycodestyle (>=2)", "pytest-pydocstyle (>=2)", "pytest (>=6)", "pytest-pycodestyle (>=2.2.0)", "pytest-pydocstyle (>=2.2.0)", "numpy (>=1.20.0)"]
docs = ["Sphinx (>=3)", "sphinx-rtd-theme (>=0.2)"]
numpy = ["numpy (>=1.13.0)", "numpy (>=1.15.0)", "numpy (>=1.18.0)", "numpy (>=1.20.0)"]
tests = ["check-manifest (>=0.42)", "mock (>=1.3.0)", "pytest-cov (>=2.10.1)", "pytest-isort (>=1.2.0)", "sphinx (>=3)", "tox (>=3.7.0)", "pytest (==5.4.3)", "pytest-pycodestyle (>=2)", "pytest-pydocstyle (>=2)", "pytest (>=6)", "pytest-pycodestyle (>=2.2.0)", "pytest-pydocstyle (>=2.2.0)"]

[[package]]
name = "ecdsa"
version = "0.18.0"
description = "ECDSA cryptographic signature library (pure python)"
category = "main"
optional = false
python-versions = ">=2.6, !=3.0.*, !=3.1.*, !=3.2.*"

[package.dependencies]
six = ">=1.9.0"

[package.extras]
gmpy = ["gmpy"]
gmpy2 = ["gmpy2"]

[[package]]
name = "fastapi"
version = "0.89.1"
description = "FastAPI framework, high performance, easy to learn, fast to code, ready for production"
category = "main"
optional = false
python-versions = ">=3.7"

[package.dependencies]
pydantic = ">=1.6.2,<1.7 || >1.7,<1.7.1 || >1.7.1,<1.7.2 || >1.7.2,<1.7.3 || >1.7.3,<1.8 || >1.8,<1.8.1 || >1.8.1,<2.0.0"
starlette = "0.22.0"

[package.extras]
all = ["email-validator (>=1.1.1)", "httpx (>=0.23.0)", "itsdangerous (>=1.1.0)", "jinja2 (>=2.11.2)", "orjson (>=3.2.1)", "python-multipart (>=0.0.5)", "pyyaml (>=5.3.1)", "ujson (>=4.0.1,!=4.0.2,!=4.1.0,!=4.2.0,!=4.3.0,!=5.0.0,!=5.1.0)", "uvicorn[standard] (>=0.12.0)"]
dev = ["pre-commit (>=2.17.0,<3.0.0)", "ruff (==0.0.138)", "uvicorn[standard] (>=0.12.0,<0.21.0)"]
doc = ["mdx-include (>=1.4.1,<2.0.0)", "mkdocs-markdownextradata-plugin (>=0.1.7,<0.3.0)", "mkdocs-material (>=8.1.4,<9.0.0)", "mkdocs (>=1.1.2,<2.0.0)", "pyyaml (>=5.3.1,<7.0.0)", "typer[all] (>=0.6.1,<0.8.0)"]
test = ["anyio[trio] (>=3.2.1,<4.0.0)", "black (==22.10.0)", "coverage[toml] (>=6.5.0,<8.0)", "databases[sqlite] (>=0.3.2,<0.7.0)", "email-validator (>=1.1.1,<2.0.0)", "flask (>=1.1.2,<3.0.0)", "httpx (>=0.23.0,<0.24.0)", "isort (>=5.0.6,<6.0.0)", "mypy (==0.982)", "orjson (>=3.2.1,<4.0.0)", "passlib[bcrypt] (>=1.7.2,<2.0.0)", "peewee (>=3.13.3,<4.0.0)", "pytest (>=7.1.3,<8.0.0)", "python-jose[cryptography] (>=3.3.0,<4.0.0)", "python-multipart (>=0.0.5,<0.0.6)", "pyyaml (>=5.3.1,<7.0.0)", "ruff (==0.0.138)", "sqlalchemy (>=1.3.18,<1.4.43)", "types-orjson (==3.6.2)", "types-ujson (==5.6.0.0)", "ujson (>=4.0.1,!=4.0.2,!=4.1.0,!=4.2.0,!=4.3.0,!=5.0.0,!=5.1.0,<6.0.0)"]

[[package]]
name = "h11"
version = "0.14.0"
description = "A pure-Python, bring-your-own-I/O implementation of HTTP/1.1"
category = "main"
optional = false
python-versions = ">=3.7"

[[package]]
name = "httptools"
version = "0.5.0"
description = "A collection of framework independent HTTP protocol utils."
category = "main"
optional = false
python-versions = ">=3.5.0"

[package.extras]
test = ["Cython (>=0.29.24,<0.30.0)"]

[[package]]
name = "idna"
version = "3.4"
description = "Internationalized Domain Names in Applications (IDNA)"
category = "main"
optional = false
python-versions = ">=3.5"

[[package]]
name = "iso8601"
version = "1.1.0"
description = "Simple module to parse ISO 8601 dates"
category = "main"
optional = false
python-versions = ">=3.6.2,<4.0"

[[package]]
name = "passlib"
version = "1.7.4"
description = "comprehensive password hashing framework supporting over 30 schemes"
category = "main"
optional = false
python-versions = "*"

[package.dependencies]
bcrypt = {version = ">=3.1.0", optional = true, markers = "extra == \"bcrypt\""}

[package.extras]
argon2 = ["argon2-cffi (>=18.2.0)"]
bcrypt = ["bcrypt (>=3.1.0)"]
build_docs = ["sphinx (>=1.6)", "sphinxcontrib-fulltoc (>=1.2.0)", "cloud-sptheme (>=1.10.1)"]
totp = ["cryptography"]

[[package]]
name = "pyasn1"
version = "0.4.8"
description = "ASN.1 types and codecs"
category = "main"
optional = false
python-versions = "*"

[[package]]
name = "pycparser"
version = "2.21"
description = "C parser in Python"
category = "main"
optional = false
python-versions = ">=2.7, !=3.0.*, !=3.1.*, !=3.2.*, !=3.3.*"

[[package]]
name = "pydantic"
version = "1.10.4"
description = "Data validation and settings management using python type hints"
category = "main"
optional = false
python-versions = ">=3.7"

[package.dependencies]
typing-extensions = ">=4.2.0"

[package.extras]
dotenv = ["python-dotenv (>=0.10.4)"]
email = ["email-validator (>=1.0.3)"]

[[package]]
name = "pypika-tortoise"
version = "0.1.6"
description = "Forked from pypika and streamline just for tortoise-orm"
category = "main"
optional = false
python-versions = ">=3.7,<4.0"

[[package]]
name = "python-dotenv"
version = "0.21.1"
description = "Read key-value pairs from a .env file and set them as environment variables"
category = "main"
optional = false
python-versions = ">=3.7"

[package.extras]
cli = ["click (>=5.0)"]

[[package]]
name = "python-jose"
version = "3.3.0"
description = "JOSE implementation in Python"
category = "main"
optional = false
python-versions = "*"

[package.dependencies]
cryptography = {version = ">=3.4.0", optional = true, markers = "extra == \"cryptography\""}
ecdsa = "!=0.15"
pyasn1 = "*"
rsa = "*"

[package.extras]
cryptography = ["cryptography (>=3.4.0)"]
pycrypto = ["pycrypto (>=2.6.0,<2.7.0)", "pyasn1"]
pycryptodome = ["pycryptodome (>=3.3.1,<4.0.0)", "pyasn1"]

[[package]]
name = "python-multipart"
version = "0.0.5"
description = "A streaming multipart parser for Python"
category = "main"
optional = false
python-versions = "*"

[package.dependencies]
six = ">=1.4.0"

[[package]]
name = "pytz"
version = "2022.7.1"
description = "World timezone definitions, modern and historical"
category = "main"
optional = false
python-versions = "*"

[[package]]
name = "pyyaml"
version = "6.0"
description = "YAML parser and emitter for Python"
category = "main"
optional = false
python-versions = ">=3.6"

[[package]]
name = "requests"
version = "2.28.2"
description = "Python HTTP for Humans."
category = "main"
optional = false
python-versions = ">=3.7, <4"

[package.dependencies]
certifi = ">=2017.4.17"
charset-normalizer = ">=2,<4"
idna = ">=2.5,<4"
urllib3 = ">=1.21.1,<1.27"

[package.extras]
socks = ["PySocks (>=1.5.6,!=1.5.7)"]
use_chardet_on_py3 = ["chardet (>=3.0.2,<6)"]

[[package]]
name = "rsa"
version = "4.9"
description = "Pure-Python RSA implementation"
category = "main"
optional = false
python-versions = ">=3.6,<4"

[package.dependencies]
pyasn1 = ">=0.1.3"

[[package]]
name = "six"
version = "1.16.0"
description = "Python 2 and 3 compatibility utilities"
category = "main"
optional = false
python-versions = ">=2.7, !=3.0.*, !=3.1.*, !=3.2.*"

[[package]]
name = "sniffio"
version = "1.3.0"
description = "Sniff out which async library your code is running under"
category = "main"
optional = false
python-versions = ">=3.7"

[[package]]
name = "starlette"
version = "0.22.0"
description = "The little ASGI library that shines."
category = "main"
optional = false
python-versions = ">=3.7"

[package.dependencies]
anyio = ">=3.4.0,<5"
typing-extensions = {version = ">=3.10.0", markers = "python_version < \"3.10\""}

[package.extras]
full = ["httpx (>=0.22.0)", "itsdangerous", "jinja2", "python-multipart", "pyyaml"]

[[package]]
name = "tomlkit"
version = "0.11.6"
description = "Style preserving TOML library"
category = "main"
optional = false
python-versions = ">=3.6"

[[package]]
name = "tortoise"
version = "0.1.1"
description = "Turtle graphics on the web."
category = "main"
optional = false
python-versions = "*"

[package.dependencies]
atlastk = "*"

[[package]]
name = "tortoise-orm"
version = "0.19.3"
description = "Easy async ORM for python, built with relations in mind"
category = "main"
optional = false
python-versions = ">=3.7,<4.0"

[package.dependencies]
aiosqlite = ">=0.16.0,<0.18.0"
iso8601 = ">=1.0.2,<2.0.0"
pypika-tortoise = ">=0.1.6,<0.2.0"
pytz = "*"

[package.extras]
aiomysql = ["aiomysql"]
asyncmy = ["asyncmy (>=0.2.5,<0.3.0)"]
asyncodbc = ["asyncodbc (>=0.1.1,<0.2.0)"]
asyncpg = ["asyncpg"]
accel = ["ciso8601", "orjson", "uvloop"]
psycopg = ["psycopg[binary,pool] (==3.0.12)"]

[[package]]
name = "typing-extensions"
version = "4.4.0"
description = "Backported and Experimental Type Hints for Python 3.7+"
category = "main"
optional = false
python-versions = ">=3.7"

[[package]]
name = "urllib3"
version = "1.26.14"
description = "HTTP library with thread-safe connection pooling, file post, and more."
category = "main"
optional = false
python-versions = ">=2.7, !=3.0.*, !=3.1.*, !=3.2.*, !=3.3.*, !=3.4.*, !=3.5.*"

[package.extras]
brotli = ["brotlicffi (>=0.8.0)", "brotli (>=1.0.9)", "brotlipy (>=0.6.0)"]
secure = ["pyOpenSSL (>=0.14)", "cryptography (>=1.3.4)", "idna (>=2.0.0)", "certifi", "urllib3-secure-extra", "ipaddress"]
socks = ["PySocks (>=1.5.6,!=1.5.7,<2.0)"]

[[package]]
name = "uvicorn"
version = "0.20.0"
description = "The lightning-fast ASGI server."
category = "main"
optional = false
python-versions = ">=3.7"

[package.dependencies]
click = ">=7.0"
colorama = {version = ">=0.4", optional = true, markers = "sys_platform == \"win32\" and extra == \"standard\""}
h11 = ">=0.8"
httptools = {version = ">=0.5.0", optional = true, markers = "extra == \"standard\""}
python-dotenv = {version = ">=0.13", optional = true, markers = "extra == \"standard\""}
pyyaml = {version = ">=5.1", optional = true, markers = "extra == \"standard\""}
uvloop = {version = ">=0.14.0,<0.15.0 || >0.15.0,<0.15.1 || >0.15.1", optional = true, markers = "sys_platform != \"win32\" and sys_platform != \"cygwin\" and platform_python_implementation != \"PyPy\" and extra == \"standard\""}
watchfiles = {version = ">=0.13", optional = true, markers = "extra == \"standard\""}
websockets = {version = ">=10.4", optional = true, markers = "extra == \"standard\""}

[package.extras]
standard = ["colorama (>=0.4)", "httptools (>=0.5.0)", "python-dotenv (>=0.13)", "pyyaml (>=5.1)", "uvloop (>=0.14.0,!=0.15.0,!=0.15.1)", "watchfiles (>=0.13)", "websockets (>=10.4)"]

[[package]]
name = "uvloop"
version = "0.17.0"
description = "Fast implementation of asyncio event loop on top of libuv"
category = "main"
optional = false
python-versions = ">=3.7"

[package.extras]
dev = ["Cython (>=0.29.32,<0.30.0)", "pytest (>=3.6.0)", "Sphinx (>=4.1.2,<4.2.0)", "sphinxcontrib-asyncio (>=0.3.0,<0.4.0)", "sphinx-rtd-theme (>=0.5.2,<0.6.0)", "flake8 (>=3.9.2,<3.10.0)", "psutil", "pycodestyle (>=2.7.0,<2.8.0)", "pyOpenSSL (>=22.0.0,<22.1.0)", "mypy (>=0.800)", "aiohttp"]
docs = ["Sphinx (>=4.1.2,<4.2.0)", "sphinxcontrib-asyncio (>=0.3.0,<0.4.0)", "sphinx-rtd-theme (>=0.5.2,<0.6.0)"]
test = ["flake8 (>=3.9.2,<3.10.0)", "psutil", "pycodestyle (>=2.7.0,<2.8.0)", "pyOpenSSL (>=22.0.0,<22.1.0)", "mypy (>=0.800)", "Cython (>=0.29.32,<0.30.0)", "aiohttp"]

[[package]]
name = "watchfiles"
version = "0.18.1"
description = "Simple, modern and high performance file watching and code reload in python."
category = "main"
optional = false
python-versions = ">=3.7"

[package.dependencies]
anyio = ">=3.0.0"

[[package]]
name = "websockets"
version = "10.4"
description = "An implementation of the WebSocket Protocol (RFC 6455 & 7692)"
category = "main"
optional = false
python-versions = ">=3.7"

[metadata]
lock-version = "1.1"
python-versions = "^3.8"
content-hash = "23a050c9bdf2ddf00dab5ee138873e0148975ab648352fe559d0d16284a352f6"

[metadata.files]
aerich = []
aiosqlite = []
anyio = []
asyncpg = []
atlastk = []
bcrypt = []
certifi = []
cffi = []
charset-normalizer = []
click = []
colorama = []
cryptography = []
dictdiffer = []
ecdsa = []
fastapi = []
h11 = []
httptools = []
idna = []
iso8601 = []
passlib = []
pyasn1 = []
pycparser = []
pydantic = []
pypika-tortoise = []
python-dotenv = []
python-jose = []
python-multipart = []
pytz = []
pyyaml = []
requests = []
rsa = []
six = []
sniffio = []
starlette = []
tomlkit = []
tortoise = []
tortoise-orm = []
typing-extensions = []
urllib3 = []
uvicorn = []
uvloop = []
watchfiles = []
websockets = []
